
Microsoft Visual Studio Solution File, Format Version 12.00
# Visual Studio Version 16
VisualStudioVersion = 16.0.31025.194
MinimumVisualStudioVersion = 10.0.40219.1
Project("{FAE04EC0-301F-11D3-BF4B-00C04F79EFBC}") = "encryption_lab_1", "encryption_lab_1\encryption_lab_1.csproj", "{F807ADDE-B18A-43A8-BE7E-50DE4AB73DBD}"
EndProject
Global
	GlobalSection(SolutionConfigurationPlatforms) = preSolution
		Debug|Any CPU = Debug|Any CPU
		Release|Any CPU = Release|Any CPU
	EndGlobalSection
	GlobalSection(ProjectConfigurationPlatforms) = postSolution
		{F807ADDE-B18A-43A8-BE7E-50DE4AB73DBD}.Debug|Any CPU.ActiveCfg = Debug|Any CPU
		{F807ADDE-B18A-43A8-BE7E-50DE4AB73DBD}.Debug|Any CPU.Build.0 = Debug|Any CPU
		{F807ADDE-B18A-43A8-BE7E-50DE4AB73DBD}.Release|Any CPU.ActiveCfg = Release|Any CPU
		{F807ADDE-B18A-43A8-BE7E-50DE4AB73DBD}.Release|Any CPU.Build.0 = Release|Any CPU
	EndGlobalSection
	GlobalSection(SolutionProperties) = preSolution
		HideSolutionNode = FALSE
	EndGlobalSection
	GlobalSection(ExtensibilityGlobals) = postSolution
		SolutionGuid = {FF6D43B9-43C5-4A19-804A-B5E0349BAB7E}
	EndGlobalSection
EndGlobal

