
Microsoft Visual Studio Solution File, Format Version 12.00
# Visual Studio Version 17
VisualStudioVersion = 17.0.31825.309
MinimumVisualStudioVersion = 10.0.40219.1
Project("{FAE04EC0-301F-11D3-BF4B-00C04F79EFBC}") = "EncryptionLab11", "EncryptionLab11\EncryptionLab11.csproj", "{4B5F627D-1FB3-4E44-A6DC-3350DB0B6542}"
EndProject
Global
	GlobalSection(SolutionConfigurationPlatforms) = preSolution
		Debug|Any CPU = Debug|Any CPU
		Release|Any CPU = Release|Any CPU
	EndGlobalSection
	GlobalSection(ProjectConfigurationPlatforms) = postSolution
		{4B5F627D-1FB3-4E44-A6DC-3350DB0B6542}.Debug|Any CPU.ActiveCfg = Debug|Any CPU
		{4B5F627D-1FB3-4E44-A6DC-3350DB0B6542}.Debug|Any CPU.Build.0 = Debug|Any CPU
		{4B5F627D-1FB3-4E44-A6DC-3350DB0B6542}.Release|Any CPU.ActiveCfg = Release|Any CPU
		{4B5F627D-1FB3-4E44-A6DC-3350DB0B6542}.Release|Any CPU.Build.0 = Release|Any CPU
	EndGlobalSection
	GlobalSection(SolutionProperties) = preSolution
		HideSolutionNode = FALSE
	EndGlobalSection
	GlobalSection(ExtensibilityGlobals) = postSolution
		SolutionGuid = {CF2810EC-00AA-4646-A271-49F837F979CB}
	EndGlobalSection
EndGlobal

